// !$*UTF8*$!
{
	archiveVersion = 1;
	classes = {
	};
	objectVersion = 56;
	objects = {

/* Begin PBXBuildFile section */
		845C01572AF104D30099DD80 /* MessageListView.swift in Sources */ = {isa = PBXBuildFile; fileRef = 845C01562AF104D30099DD80 /* MessageListView.swift */; };
		845C015B2AF105340099DD80 /* MessageListVM.swift in Sources */ = {isa = PBXBuildFile; fileRef = 845C015A2AF105340099DD80 /* MessageListVM.swift */; };
		8468F1352AE8FD8300383BDF /* MyApartmentBuddyApp.swift in Sources */ = {isa = PBXBuildFile; fileRef = 8468F1342AE8FD8300383BDF /* MyApartmentBuddyApp.swift */; };
		8468F1372AE8FD8300383BDF /* ContentView.swift in Sources */ = {isa = PBXBuildFile; fileRef = 8468F1362AE8FD8300383BDF /* ContentView.swift */; };
		8468F1392AE8FD8400383BDF /* Assets.xcassets in Resources */ = {isa = PBXBuildFile; fileRef = 8468F1382AE8FD8400383BDF /* Assets.xcassets */; };
		8468F13D2AE8FD8400383BDF /* Preview Assets.xcassets in Resources */ = {isa = PBXBuildFile; fileRef = 8468F13C2AE8FD8400383BDF /* Preview Assets.xcassets */; };
		8468F1472AE8FD8400383BDF /* MyApartmentBuddyTests.swift in Sources */ = {isa = PBXBuildFile; fileRef = 8468F1462AE8FD8400383BDF /* MyApartmentBuddyTests.swift */; };
		8468F1512AE8FD8400383BDF /* MyApartmentBuddyUITests.swift in Sources */ = {isa = PBXBuildFile; fileRef = 8468F1502AE8FD8400383BDF /* MyApartmentBuddyUITests.swift */; };
		8468F1532AE8FD8400383BDF /* MyApartmentBuddyUITestsLaunchTests.swift in Sources */ = {isa = PBXBuildFile; fileRef = 8468F1522AE8FD8400383BDF /* MyApartmentBuddyUITestsLaunchTests.swift */; };
		8468F1602AE8FEB400383BDF /* MainView.swift in Sources */ = {isa = PBXBuildFile; fileRef = 8468F15F2AE8FEB400383BDF /* MainView.swift */; };
		8468F1622AE918CC00383BDF /* TabBarButtonView.swift in Sources */ = {isa = PBXBuildFile; fileRef = 8468F1612AE918CC00383BDF /* TabBarButtonView.swift */; };
		848616A22AEE3D0E00C7EA80 /* Message.swift in Sources */ = {isa = PBXBuildFile; fileRef = 848616A12AEE3D0E00C7EA80 /* Message.swift */; };
		848616A52AEE3DB600C7EA80 /* Person.swift in Sources */ = {isa = PBXBuildFile; fileRef = 848616A42AEE3DB600C7EA80 /* Person.swift */; };
		848616A82AEE3E8800C7EA80 /* MessagePreview.swift in Sources */ = {isa = PBXBuildFile; fileRef = 848616A72AEE3E8800C7EA80 /* MessagePreview.swift */; };
		848616AB2AEE409900C7EA80 /* MessageView.swift in Sources */ = {isa = PBXBuildFile; fileRef = 848616AA2AEE409900C7EA80 /* MessageView.swift */; };
		848616AD2AEE44B400C7EA80 /* ChatView.swift in Sources */ = {isa = PBXBuildFile; fileRef = 848616AC2AEE44B400C7EA80 /* ChatView.swift */; };
		848616AF2AEE44F400C7EA80 /* ChatManager.swift in Sources */ = {isa = PBXBuildFile; fileRef = 848616AE2AEE44F400C7EA80 /* ChatManager.swift */; };
		848616B12AEE478900C7EA80 /* ChatViewHeader.swift in Sources */ = {isa = PBXBuildFile; fileRef = 848616B02AEE478900C7EA80 /* ChatViewHeader.swift */; };
		848E290A2AEC29180001E2DE /* ProfileView.swift in Sources */ = {isa = PBXBuildFile; fileRef = 848E29092AEC29180001E2DE /* ProfileView.swift */; };
		848E290D2AEC2AE00001E2DE /* RoundedImage.swift in Sources */ = {isa = PBXBuildFile; fileRef = 848E290C2AEC2AE00001E2DE /* RoundedImage.swift */; };
		848E29102AEC30380001E2DE /* Kingfisher in Frameworks */ = {isa = PBXBuildFile; productRef = 848E290F2AEC30380001E2DE /* Kingfisher */; };
		84B63ADC2AEA41D9000D31D4 /* AppStateManager.swift in Sources */ = {isa = PBXBuildFile; fileRef = 84B63ADB2AEA41D9000D31D4 /* AppStateManager.swift */; };
		84B63ADE2AEA45B4000D31D4 /* Extensions.swift in Sources */ = {isa = PBXBuildFile; fileRef = 84B63ADD2AEA45B4000D31D4 /* Extensions.swift */; };
		84EDA9A32AED55C7000B3A8E /* ProfileSwipePromo.swift in Sources */ = {isa = PBXBuildFile; fileRef = 84EDA9A22AED55C7000B3A8E /* ProfileSwipePromo.swift */; };
/* End PBXBuildFile section */

/* Begin PBXContainerItemProxy section */
		8468F1432AE8FD8400383BDF /* PBXContainerItemProxy */ = {
			isa = PBXContainerItemProxy;
			containerPortal = 8468F1292AE8FD8300383BDF /* Project object */;
			proxyType = 1;
			remoteGlobalIDString = 8468F1302AE8FD8300383BDF;
			remoteInfo = MyApartmentBuddy;
		};
		8468F14D2AE8FD8400383BDF /* PBXContainerItemProxy */ = {
			isa = PBXContainerItemProxy;
			containerPortal = 8468F1292AE8FD8300383BDF /* Project object */;
			proxyType = 1;
			remoteGlobalIDString = 8468F1302AE8FD8300383BDF;
			remoteInfo = MyApartmentBuddy;
		};
/* End PBXContainerItemProxy section */

/* Begin PBXFileReference section */
		845C01562AF104D30099DD80 /* MessageListView.swift */ = {isa = PBXFileReference; lastKnownFileType = sourcecode.swift; path = MessageListView.swift; sourceTree = "<group>"; };
		845C015A2AF105340099DD80 /* MessageListVM.swift */ = {isa = PBXFileReference; lastKnownFileType = sourcecode.swift; path = MessageListVM.swift; sourceTree = "<group>"; };
		8468F1312AE8FD8300383BDF /* MyApartmentBuddy.app */ = {isa = PBXFileReference; explicitFileType = wrapper.application; includeInIndex = 0; path = MyApartmentBuddy.app; sourceTree = BUILT_PRODUCTS_DIR; };
		8468F1342AE8FD8300383BDF /* MyApartmentBuddyApp.swift */ = {isa = PBXFileReference; lastKnownFileType = sourcecode.swift; path = MyApartmentBuddyApp.swift; sourceTree = "<group>"; };
		8468F1362AE8FD8300383BDF /* ContentView.swift */ = {isa = PBXFileReference; lastKnownFileType = sourcecode.swift; path = ContentView.swift; sourceTree = "<group>"; };
		8468F1382AE8FD8400383BDF /* Assets.xcassets */ = {isa = PBXFileReference; lastKnownFileType = folder.assetcatalog; path = Assets.xcassets; sourceTree = "<group>"; };
		8468F13A2AE8FD8400383BDF /* MyApartmentBuddy.entitlements */ = {isa = PBXFileReference; lastKnownFileType = text.plist.entitlements; path = MyApartmentBuddy.entitlements; sourceTree = "<group>"; };
		8468F13C2AE8FD8400383BDF /* Preview Assets.xcassets */ = {isa = PBXFileReference; lastKnownFileType = folder.assetcatalog; path = "Preview Assets.xcassets"; sourceTree = "<group>"; };
		8468F1422AE8FD8400383BDF /* MyApartmentBuddyTests.xctest */ = {isa = PBXFileReference; explicitFileType = wrapper.cfbundle; includeInIndex = 0; path = MyApartmentBuddyTests.xctest; sourceTree = BUILT_PRODUCTS_DIR; };
		8468F1462AE8FD8400383BDF /* MyApartmentBuddyTests.swift */ = {isa = PBXFileReference; lastKnownFileType = sourcecode.swift; path = MyApartmentBuddyTests.swift; sourceTree = "<group>"; };
		8468F14C2AE8FD8400383BDF /* MyApartmentBuddyUITests.xctest */ = {isa = PBXFileReference; explicitFileType = wrapper.cfbundle; includeInIndex = 0; path = MyApartmentBuddyUITests.xctest; sourceTree = BUILT_PRODUCTS_DIR; };
		8468F1502AE8FD8400383BDF /* MyApartmentBuddyUITests.swift */ = {isa = PBXFileReference; lastKnownFileType = sourcecode.swift; path = MyApartmentBuddyUITests.swift; sourceTree = "<group>"; };
		8468F1522AE8FD8400383BDF /* MyApartmentBuddyUITestsLaunchTests.swift */ = {isa = PBXFileReference; lastKnownFileType = sourcecode.swift; path = MyApartmentBuddyUITestsLaunchTests.swift; sourceTree = "<group>"; };
		8468F15F2AE8FEB400383BDF /* MainView.swift */ = {isa = PBXFileReference; lastKnownFileType = sourcecode.swift; path = MainView.swift; sourceTree = "<group>"; };
		8468F1612AE918CC00383BDF /* TabBarButtonView.swift */ = {isa = PBXFileReference; lastKnownFileType = sourcecode.swift; path = TabBarButtonView.swift; sourceTree = "<group>"; };
		848616A12AEE3D0E00C7EA80 /* Message.swift */ = {isa = PBXFileReference; lastKnownFileType = sourcecode.swift; path = Message.swift; sourceTree = "<group>"; };
		848616A42AEE3DB600C7EA80 /* Person.swift */ = {isa = PBXFileReference; lastKnownFileType = sourcecode.swift; path = Person.swift; sourceTree = "<group>"; };
		848616A72AEE3E8800C7EA80 /* MessagePreview.swift */ = {isa = PBXFileReference; lastKnownFileType = sourcecode.swift; path = MessagePreview.swift; sourceTree = "<group>"; };
		848616AA2AEE409900C7EA80 /* MessageView.swift */ = {isa = PBXFileReference; lastKnownFileType = sourcecode.swift; path = MessageView.swift; sourceTree = "<group>"; };
		848616AC2AEE44B400C7EA80 /* ChatView.swift */ = {isa = PBXFileReference; lastKnownFileType = sourcecode.swift; path = ChatView.swift; sourceTree = "<group>"; };
		848616AE2AEE44F400C7EA80 /* ChatManager.swift */ = {isa = PBXFileReference; lastKnownFileType = sourcecode.swift; path = ChatManager.swift; sourceTree = "<group>"; };
		848616B02AEE478900C7EA80 /* ChatViewHeader.swift */ = {isa = PBXFileReference; lastKnownFileType = sourcecode.swift; path = ChatViewHeader.swift; sourceTree = "<group>"; };
		848E29092AEC29180001E2DE /* ProfileView.swift */ = {isa = PBXFileReference; lastKnownFileType = sourcecode.swift; path = ProfileView.swift; sourceTree = "<group>"; };
		848E290C2AEC2AE00001E2DE /* RoundedImage.swift */ = {isa = PBXFileReference; lastKnownFileType = sourcecode.swift; path = RoundedImage.swift; sourceTree = "<group>"; };
		84B63ADB2AEA41D9000D31D4 /* AppStateManager.swift */ = {isa = PBXFileReference; lastKnownFileType = sourcecode.swift; path = AppStateManager.swift; sourceTree = "<group>"; };
		84B63ADD2AEA45B4000D31D4 /* Extensions.swift */ = {isa = PBXFileReference; lastKnownFileType = sourcecode.swift; path = Extensions.swift; sourceTree = "<group>"; };
		84EDA9A22AED55C7000B3A8E /* ProfileSwipePromo.swift */ = {isa = PBXFileReference; lastKnownFileType = sourcecode.swift; path = ProfileSwipePromo.swift; sourceTree = "<group>"; };
/* End PBXFileReference section */

/* Begin PBXFrameworksBuildPhase section */
		8468F12E2AE8FD8300383BDF /* Frameworks */ = {
			isa = PBXFrameworksBuildPhase;
			buildActionMask = 2147483647;
			files = (
				848E29102AEC30380001E2DE /* Kingfisher in Frameworks */,
			);
			runOnlyForDeploymentPostprocessing = 0;
		};
		8468F13F2AE8FD8400383BDF /* Frameworks */ = {
			isa = PBXFrameworksBuildPhase;
			buildActionMask = 2147483647;
			files = (
			);
			runOnlyForDeploymentPostprocessing = 0;
		};
		8468F1492AE8FD8400383BDF /* Frameworks */ = {
			isa = PBXFrameworksBuildPhase;
			buildActionMask = 2147483647;
			files = (
			);
			runOnlyForDeploymentPostprocessing = 0;
		};
/* End PBXFrameworksBuildPhase section */

/* Begin PBXGroup section */
		8468F1282AE8FD8300383BDF = {
			isa = PBXGroup;
			children = (
				8468F1332AE8FD8300383BDF /* MyApartmentBuddy */,
				8468F1452AE8FD8400383BDF /* MyApartmentBuddyTests */,
				8468F14F2AE8FD8400383BDF /* MyApartmentBuddyUITests */,
				8468F1322AE8FD8300383BDF /* Products */,
			);
			sourceTree = "<group>";
		};
		8468F1322AE8FD8300383BDF /* Products */ = {
			isa = PBXGroup;
			children = (
				8468F1312AE8FD8300383BDF /* MyApartmentBuddy.app */,
				8468F1422AE8FD8400383BDF /* MyApartmentBuddyTests.xctest */,
				8468F14C2AE8FD8400383BDF /* MyApartmentBuddyUITests.xctest */,
			);
			name = Products;
			sourceTree = "<group>";
		};
		8468F1332AE8FD8300383BDF /* MyApartmentBuddy */ = {
			isa = PBXGroup;
			children = (
				848616A92AEE408900C7EA80 /* Messages */,
				848616A32AEE3D1900C7EA80 /* Model */,
				848E290B2AEC29240001E2DE /* Profile */,
				8468F1342AE8FD8300383BDF /* MyApartmentBuddyApp.swift */,
				8468F1362AE8FD8300383BDF /* ContentView.swift */,
				8468F1612AE918CC00383BDF /* TabBarButtonView.swift */,
				848E29082AEB9F780001E2DE /* MainTabBar */,
				8468F1382AE8FD8400383BDF /* Assets.xcassets */,
				8468F13A2AE8FD8400383BDF /* MyApartmentBuddy.entitlements */,
				8468F13B2AE8FD8400383BDF /* Preview Content */,
				84B63ADB2AEA41D9000D31D4 /* AppStateManager.swift */,
				84B63ADD2AEA45B4000D31D4 /* Extensions.swift */,
				848E29112AEC3C320001E2DE /* HelperView */,
			);
			path = MyApartmentBuddy;
			sourceTree = "<group>";
		};
		8468F13B2AE8FD8400383BDF /* Preview Content */ = {
			isa = PBXGroup;
			children = (
				8468F13C2AE8FD8400383BDF /* Preview Assets.xcassets */,
			);
			path = "Preview Content";
			sourceTree = "<group>";
		};
		8468F1452AE8FD8400383BDF /* MyApartmentBuddyTests */ = {
			isa = PBXGroup;
			children = (
				8468F1462AE8FD8400383BDF /* MyApartmentBuddyTests.swift */,
			);
			path = MyApartmentBuddyTests;
			sourceTree = "<group>";
		};
		8468F14F2AE8FD8400383BDF /* MyApartmentBuddyUITests */ = {
			isa = PBXGroup;
			children = (
				8468F1502AE8FD8400383BDF /* MyApartmentBuddyUITests.swift */,
				8468F1522AE8FD8400383BDF /* MyApartmentBuddyUITestsLaunchTests.swift */,
			);
			path = MyApartmentBuddyUITests;
			sourceTree = "<group>";
		};
		848616A32AEE3D1900C7EA80 /* Model */ = {
			isa = PBXGroup;
			children = (
				848616A12AEE3D0E00C7EA80 /* Message.swift */,
				848616A42AEE3DB600C7EA80 /* Person.swift */,
				848616A72AEE3E8800C7EA80 /* MessagePreview.swift */,
			);
			path = Model;
			sourceTree = "<group>";
		};
		848616A92AEE408900C7EA80 /* Messages */ = {
			isa = PBXGroup;
			children = (
				848616AA2AEE409900C7EA80 /* MessageView.swift */,
				848616AC2AEE44B400C7EA80 /* ChatView.swift */,
				848616AE2AEE44F400C7EA80 /* ChatManager.swift */,
				848616B02AEE478900C7EA80 /* ChatViewHeader.swift */,
				845C01562AF104D30099DD80 /* MessageListView.swift */,
				845C015A2AF105340099DD80 /* MessageListVM.swift */,
			);
			path = Messages;
			sourceTree = "<group>";
		};
		848E29082AEB9F780001E2DE /* MainTabBar */ = {
			isa = PBXGroup;
			children = (
				8468F15F2AE8FEB400383BDF /* MainView.swift */,
			);
			path = MainTabBar;
			sourceTree = "<group>";
		};
		848E290B2AEC29240001E2DE /* Profile */ = {
			isa = PBXGroup;
			children = (
				848E29092AEC29180001E2DE /* ProfileView.swift */,
				84EDA9A22AED55C7000B3A8E /* ProfileSwipePromo.swift */,
			);
			path = Profile;
			sourceTree = "<group>";
		};
		848E29112AEC3C320001E2DE /* HelperView */ = {
			isa = PBXGroup;
			children = (
				848E290C2AEC2AE00001E2DE /* RoundedImage.swift */,
			);
			path = HelperView;
			sourceTree = "<group>";
		};
/* End PBXGroup section */

/* Begin PBXNativeTarget section */
		8468F1302AE8FD8300383BDF /* MyApartmentBuddy */ = {
			isa = PBXNativeTarget;
			buildConfigurationList = 8468F1562AE8FD8400383BDF /* Build configuration list for PBXNativeTarget "MyApartmentBuddy" */;
			buildPhases = (
				8468F12D2AE8FD8300383BDF /* Sources */,
				8468F12E2AE8FD8300383BDF /* Frameworks */,
				8468F12F2AE8FD8300383BDF /* Resources */,
			);
			buildRules = (
			);
			dependencies = (
			);
			name = MyApartmentBuddy;
			packageProductDependencies = (
				848E290F2AEC30380001E2DE /* Kingfisher */,
			);
			productName = MyApartmentBuddy;
			productReference = 8468F1312AE8FD8300383BDF /* MyApartmentBuddy.app */;
			productType = "com.apple.product-type.application";
		};
		8468F1412AE8FD8400383BDF /* MyApartmentBuddyTests */ = {
			isa = PBXNativeTarget;
			buildConfigurationList = 8468F1592AE8FD8400383BDF /* Build configuration list for PBXNativeTarget "MyApartmentBuddyTests" */;
			buildPhases = (
				8468F13E2AE8FD8400383BDF /* Sources */,
				8468F13F2AE8FD8400383BDF /* Frameworks */,
				8468F1402AE8FD8400383BDF /* Resources */,
			);
			buildRules = (
			);
			dependencies = (
				8468F1442AE8FD8400383BDF /* PBXTargetDependency */,
			);
			name = MyApartmentBuddyTests;
			productName = MyApartmentBuddyTests;
			productReference = 8468F1422AE8FD8400383BDF /* MyApartmentBuddyTests.xctest */;
			productType = "com.apple.product-type.bundle.unit-test";
		};
		8468F14B2AE8FD8400383BDF /* MyApartmentBuddyUITests */ = {
			isa = PBXNativeTarget;
			buildConfigurationList = 8468F15C2AE8FD8400383BDF /* Build configuration list for PBXNativeTarget "MyApartmentBuddyUITests" */;
			buildPhases = (
				8468F1482AE8FD8400383BDF /* Sources */,
				8468F1492AE8FD8400383BDF /* Frameworks */,
				8468F14A2AE8FD8400383BDF /* Resources */,
			);
			buildRules = (
			);
			dependencies = (
				8468F14E2AE8FD8400383BDF /* PBXTargetDependency */,
			);
			name = MyApartmentBuddyUITests;
			productName = MyApartmentBuddyUITests;
			productReference = 8468F14C2AE8FD8400383BDF /* MyApartmentBuddyUITests.xctest */;
			productType = "com.apple.product-type.bundle.ui-testing";
		};
/* End PBXNativeTarget section */

/* Begin PBXProject section */
		8468F1292AE8FD8300383BDF /* Project object */ = {
			isa = PBXProject;
			attributes = {
				BuildIndependentTargetsInParallel = 1;
				LastSwiftUpdateCheck = 1430;
				LastUpgradeCheck = 1430;
				TargetAttributes = {
					8468F1302AE8FD8300383BDF = {
						CreatedOnToolsVersion = 14.3.1;
					};
					8468F1412AE8FD8400383BDF = {
						CreatedOnToolsVersion = 14.3.1;
						TestTargetID = 8468F1302AE8FD8300383BDF;
					};
					8468F14B2AE8FD8400383BDF = {
						CreatedOnToolsVersion = 14.3.1;
						TestTargetID = 8468F1302AE8FD8300383BDF;
					};
				};
			};
			buildConfigurationList = 8468F12C2AE8FD8300383BDF /* Build configuration list for PBXProject "MyApartmentBuddy" */;
			compatibilityVersion = "Xcode 14.0";
			developmentRegion = en;
			hasScannedForEncodings = 0;
			knownRegions = (
				en,
				Base,
			);
			mainGroup = 8468F1282AE8FD8300383BDF;
			packageReferences = (
				848E290E2AEC30380001E2DE /* XCRemoteSwiftPackageReference "Kingfisher" */,
			);
			productRefGroup = 8468F1322AE8FD8300383BDF /* Products */;
			projectDirPath = "";
			projectRoot = "";
			targets = (
				8468F1302AE8FD8300383BDF /* MyApartmentBuddy */,
				8468F1412AE8FD8400383BDF /* MyApartmentBuddyTests */,
				8468F14B2AE8FD8400383BDF /* MyApartmentBuddyUITests */,
			);
		};
/* End PBXProject section */

/* Begin PBXResourcesBuildPhase section */
		8468F12F2AE8FD8300383BDF /* Resources */ = {
			isa = PBXResourcesBuildPhase;
			buildActionMask = 2147483647;
			files = (
				8468F13D2AE8FD8400383BDF /* Preview Assets.xcassets in Resources */,
				8468F1392AE8FD8400383BDF /* Assets.xcassets in Resources */,
			);
			runOnlyForDeploymentPostprocessing = 0;
		};
		8468F1402AE8FD8400383BDF /* Resources */ = {
			isa = PBXResourcesBuildPhase;
			buildActionMask = 2147483647;
			files = (
			);
			runOnlyForDeploymentPostprocessing = 0;
		};
		8468F14A2AE8FD8400383BDF /* Resources */ = {
			isa = PBXResourcesBuildPhase;
			buildActionMask = 2147483647;
			files = (
			);
			runOnlyForDeploymentPostprocessing = 0;
		};
/* End PBXResourcesBuildPhase section */

/* Begin PBXSourcesBuildPhase section */
		8468F12D2AE8FD8300383BDF /* Sources */ = {
			isa = PBXSourcesBuildPhase;
			buildActionMask = 2147483647;
			files = (
				848616AF2AEE44F400C7EA80 /* ChatManager.swift in Sources */,
				845C01572AF104D30099DD80 /* MessageListView.swift in Sources */,
				8468F1622AE918CC00383BDF /* TabBarButtonView.swift in Sources */,
				848E290D2AEC2AE00001E2DE /* RoundedImage.swift in Sources */,
				848616B12AEE478900C7EA80 /* ChatViewHeader.swift in Sources */,
				84B63ADE2AEA45B4000D31D4 /* Extensions.swift in Sources */,
				845C015B2AF105340099DD80 /* MessageListVM.swift in Sources */,
				8468F1372AE8FD8300383BDF /* ContentView.swift in Sources */,
				848616AD2AEE44B400C7EA80 /* ChatView.swift in Sources */,
				848616A52AEE3DB600C7EA80 /* Person.swift in Sources */,
				848616AB2AEE409900C7EA80 /* MessageView.swift in Sources */,
				84EDA9A32AED55C7000B3A8E /* ProfileSwipePromo.swift in Sources */,
				8468F1602AE8FEB400383BDF /* MainView.swift in Sources */,
				8468F1352AE8FD8300383BDF /* MyApartmentBuddyApp.swift in Sources */,
				848616A22AEE3D0E00C7EA80 /* Message.swift in Sources */,
				848E290A2AEC29180001E2DE /* ProfileView.swift in Sources */,
				84B63ADC2AEA41D9000D31D4 /* AppStateManager.swift in Sources */,
				848616A82AEE3E8800C7EA80 /* MessagePreview.swift in Sources */,
			);
			runOnlyForDeploymentPostprocessing = 0;
		};
		8468F13E2AE8FD8400383BDF /* Sources */ = {
			isa = PBXSourcesBuildPhase;
			buildActionMask = 2147483647;
			files = (
				8468F1472AE8FD8400383BDF /* MyApartmentBuddyTests.swift in Sources */,
			);
			runOnlyForDeploymentPostprocessing = 0;
		};
		8468F1482AE8FD8400383BDF /* Sources */ = {
			isa = PBXSourcesBuildPhase;
			buildActionMask = 2147483647;
			files = (
				8468F1532AE8FD8400383BDF /* MyApartmentBuddyUITestsLaunchTests.swift in Sources */,
				8468F1512AE8FD8400383BDF /* MyApartmentBuddyUITests.swift in Sources */,
			);
			runOnlyForDeploymentPostprocessing = 0;
		};
/* End PBXSourcesBuildPhase section */

/* Begin PBXTargetDependency section */
		8468F1442AE8FD8400383BDF /* PBXTargetDependency */ = {
			isa = PBXTargetDependency;
			target = 8468F1302AE8FD8300383BDF /* MyApartmentBuddy */;
			targetProxy = 8468F1432AE8FD8400383BDF /* PBXContainerItemProxy */;
		};
		8468F14E2AE8FD8400383BDF /* PBXTargetDependency */ = {
			isa = PBXTargetDependency;
			target = 8468F1302AE8FD8300383BDF /* MyApartmentBuddy */;
			targetProxy = 8468F14D2AE8FD8400383BDF /* PBXContainerItemProxy */;
		};
/* End PBXTargetDependency section */

/* Begin XCBuildConfiguration section */
		8468F1542AE8FD8400383BDF /* Debug */ = {
			isa = XCBuildConfiguration;
			buildSettings = {
				ALWAYS_SEARCH_USER_PATHS = NO;
				CLANG_ANALYZER_NONNULL = YES;
				CLANG_ANALYZER_NUMBER_OBJECT_CONVERSION = YES_AGGRESSIVE;
				CLANG_CXX_LANGUAGE_STANDARD = "gnu++20";
				CLANG_ENABLE_MODULES = YES;
				CLANG_ENABLE_OBJC_ARC = YES;
				CLANG_ENABLE_OBJC_WEAK = YES;
				CLANG_WARN_BLOCK_CAPTURE_AUTORELEASING = YES;
				CLANG_WARN_BOOL_CONVERSION = YES;
				CLANG_WARN_COMMA = YES;
				CLANG_WARN_CONSTANT_CONVERSION = YES;
				CLANG_WARN_DEPRECATED_OBJC_IMPLEMENTATIONS = YES;
				CLANG_WARN_DIRECT_OBJC_ISA_USAGE = YES_ERROR;
				CLANG_WARN_DOCUMENTATION_COMMENTS = YES;
				CLANG_WARN_EMPTY_BODY = YES;
				CLANG_WARN_ENUM_CONVERSION = YES;
				CLANG_WARN_INFINITE_RECURSION = YES;
				CLANG_WARN_INT_CONVERSION = YES;
				CLANG_WARN_NON_LITERAL_NULL_CONVERSION = YES;
				CLANG_WARN_OBJC_IMPLICIT_RETAIN_SELF = YES;
				CLANG_WARN_OBJC_LITERAL_CONVERSION = YES;
				CLANG_WARN_OBJC_ROOT_CLASS = YES_ERROR;
				CLANG_WARN_QUOTED_INCLUDE_IN_FRAMEWORK_HEADER = YES;
				CLANG_WARN_RANGE_LOOP_ANALYSIS = YES;
				CLANG_WARN_STRICT_PROTOTYPES = YES;
				CLANG_WARN_SUSPICIOUS_MOVE = YES;
				CLANG_WARN_UNGUARDED_AVAILABILITY = YES_AGGRESSIVE;
				CLANG_WARN_UNREACHABLE_CODE = YES;
				CLANG_WARN__DUPLICATE_METHOD_MATCH = YES;
				COPY_PHASE_STRIP = NO;
				DEBUG_INFORMATION_FORMAT = dwarf;
				ENABLE_STRICT_OBJC_MSGSEND = YES;
				ENABLE_TESTABILITY = YES;
				GCC_C_LANGUAGE_STANDARD = gnu11;
				GCC_DYNAMIC_NO_PIC = NO;
				GCC_NO_COMMON_BLOCKS = YES;
				GCC_OPTIMIZATION_LEVEL = 0;
				GCC_PREPROCESSOR_DEFINITIONS = (
					"DEBUG=1",
					"$(inherited)",
				);
				GCC_WARN_64_TO_32_BIT_CONVERSION = YES;
				GCC_WARN_ABOUT_RETURN_TYPE = YES_ERROR;
				GCC_WARN_UNDECLARED_SELECTOR = YES;
				GCC_WARN_UNINITIALIZED_AUTOS = YES_AGGRESSIVE;
				GCC_WARN_UNUSED_FUNCTION = YES;
				GCC_WARN_UNUSED_VARIABLE = YES;
				MTL_ENABLE_DEBUG_INFO = INCLUDE_SOURCE;
				MTL_FAST_MATH = YES;
				ONLY_ACTIVE_ARCH = YES;
				SWIFT_ACTIVE_COMPILATION_CONDITIONS = DEBUG;
				SWIFT_OPTIMIZATION_LEVEL = "-Onone";
			};
			name = Debug;
		};
		8468F1552AE8FD8400383BDF /* Release */ = {
			isa = XCBuildConfiguration;
			buildSettings = {
				ALWAYS_SEARCH_USER_PATHS = NO;
				CLANG_ANALYZER_NONNULL = YES;
				CLANG_ANALYZER_NUMBER_OBJECT_CONVERSION = YES_AGGRESSIVE;
				CLANG_CXX_LANGUAGE_STANDARD = "gnu++20";
				CLANG_ENABLE_MODULES = YES;
				CLANG_ENABLE_OBJC_ARC = YES;
				CLANG_ENABLE_OBJC_WEAK = YES;
				CLANG_WARN_BLOCK_CAPTURE_AUTORELEASING = YES;
				CLANG_WARN_BOOL_CONVERSION = YES;
				CLANG_WARN_COMMA = YES;
				CLANG_WARN_CONSTANT_CONVERSION = YES;
				CLANG_WARN_DEPRECATED_OBJC_IMPLEMENTATIONS = YES;
				CLANG_WARN_DIRECT_OBJC_ISA_USAGE = YES_ERROR;
				CLANG_WARN_DOCUMENTATION_COMMENTS = YES;
				CLANG_WARN_EMPTY_BODY = YES;
				CLANG_WARN_ENUM_CONVERSION = YES;
				CLANG_WARN_INFINITE_RECURSION = YES;
				CLANG_WARN_INT_CONVERSION = YES;
				CLANG_WARN_NON_LITERAL_NULL_CONVERSION = YES;
				CLANG_WARN_OBJC_IMPLICIT_RETAIN_SELF = YES;
				CLANG_WARN_OBJC_LITERAL_CONVERSION = YES;
				CLANG_WARN_OBJC_ROOT_CLASS = YES_ERROR;
				CLANG_WARN_QUOTED_INCLUDE_IN_FRAMEWORK_HEADER = YES;
				CLANG_WARN_RANGE_LOOP_ANALYSIS = YES;
				CLANG_WARN_STRICT_PROTOTYPES = YES;
				CLANG_WARN_SUSPICIOUS_MOVE = YES;
				CLANG_WARN_UNGUARDED_AVAILABILITY = YES_AGGRESSIVE;
				CLANG_WARN_UNREACHABLE_CODE = YES;
				CLANG_WARN__DUPLICATE_METHOD_MATCH = YES;
				COPY_PHASE_STRIP = NO;
				DEBUG_INFORMATION_FORMAT = "dwarf-with-dsym";
				ENABLE_NS_ASSERTIONS = NO;
				ENABLE_STRICT_OBJC_MSGSEND = YES;
				GCC_C_LANGUAGE_STANDARD = gnu11;
				GCC_NO_COMMON_BLOCKS = YES;
				GCC_WARN_64_TO_32_BIT_CONVERSION = YES;
				GCC_WARN_ABOUT_RETURN_TYPE = YES_ERROR;
				GCC_WARN_UNDECLARED_SELECTOR = YES;
				GCC_WARN_UNINITIALIZED_AUTOS = YES_AGGRESSIVE;
				GCC_WARN_UNUSED_FUNCTION = YES;
				GCC_WARN_UNUSED_VARIABLE = YES;
				MTL_ENABLE_DEBUG_INFO = NO;
				MTL_FAST_MATH = YES;
				SWIFT_COMPILATION_MODE = wholemodule;
				SWIFT_OPTIMIZATION_LEVEL = "-O";
			};
			name = Release;
		};
		8468F1572AE8FD8400383BDF /* Debug */ = {
			isa = XCBuildConfiguration;
			buildSettings = {
				ASSETCATALOG_COMPILER_APPICON_NAME = AppIcon;
				ASSETCATALOG_COMPILER_GLOBAL_ACCENT_COLOR_NAME = AccentColor;
				CODE_SIGN_ENTITLEMENTS = MyApartmentBuddy/MyApartmentBuddy.entitlements;
				CODE_SIGN_STYLE = Automatic;
				CURRENT_PROJECT_VERSION = 1;
				DEVELOPMENT_ASSET_PATHS = "\"MyApartmentBuddy/Preview Content\"";
				ENABLE_PREVIEWS = YES;
				GENERATE_INFOPLIST_FILE = YES;
				"INFOPLIST_KEY_UIApplicationSceneManifest_Generation[sdk=iphoneos*]" = YES;
				"INFOPLIST_KEY_UIApplicationSceneManifest_Generation[sdk=iphonesimulator*]" = YES;
				"INFOPLIST_KEY_UIApplicationSupportsIndirectInputEvents[sdk=iphoneos*]" = YES;
				"INFOPLIST_KEY_UIApplicationSupportsIndirectInputEvents[sdk=iphonesimulator*]" = YES;
				"INFOPLIST_KEY_UILaunchScreen_Generation[sdk=iphoneos*]" = YES;
				"INFOPLIST_KEY_UILaunchScreen_Generation[sdk=iphonesimulator*]" = YES;
				"INFOPLIST_KEY_UIStatusBarStyle[sdk=iphoneos*]" = UIStatusBarStyleDefault;
				"INFOPLIST_KEY_UIStatusBarStyle[sdk=iphonesimulator*]" = UIStatusBarStyleDefault;
				INFOPLIST_KEY_UISupportedInterfaceOrientations_iPad = "UIInterfaceOrientationPortrait UIInterfaceOrientationPortraitUpsideDown UIInterfaceOrientationLandscapeLeft UIInterfaceOrientationLandscapeRight";
				INFOPLIST_KEY_UISupportedInterfaceOrientations_iPhone = "UIInterfaceOrientationPortrait UIInterfaceOrientationLandscapeLeft UIInterfaceOrientationLandscapeRight";
				IPHONEOS_DEPLOYMENT_TARGET = 16.4;
				LD_RUNPATH_SEARCH_PATHS = "@executable_path/Frameworks";
				"LD_RUNPATH_SEARCH_PATHS[sdk=macosx*]" = "@executable_path/../Frameworks";
				MACOSX_DEPLOYMENT_TARGET = 13.3;
				MARKETING_VERSION = 1.0;
				PRODUCT_BUNDLE_IDENTIFIER = com.pratt.MyApartmentBuddy;
				PRODUCT_NAME = "$(TARGET_NAME)";
				SDKROOT = auto;
				SUPPORTED_PLATFORMS = "iphoneos iphonesimulator macosx";
				SWIFT_EMIT_LOC_STRINGS = YES;
				SWIFT_VERSION = 5.0;
				TARGETED_DEVICE_FAMILY = "1,2";
			};
			name = Debug;
		};
		8468F1582AE8FD8400383BDF /* Release */ = {
			isa = XCBuildConfiguration;
			buildSettings = {
				ASSETCATALOG_COMPILER_APPICON_NAME = AppIcon;
				ASSETCATALOG_COMPILER_GLOBAL_ACCENT_COLOR_NAME = AccentColor;
				CODE_SIGN_ENTITLEMENTS = MyApartmentBuddy/MyApartmentBuddy.entitlements;
				CODE_SIGN_STYLE = Automatic;
				CURRENT_PROJECT_VERSION = 1;
				DEVELOPMENT_ASSET_PATHS = "\"MyApartmentBuddy/Preview Content\"";
				ENABLE_PREVIEWS = YES;
				GENERATE_INFOPLIST_FILE = YES;
				"INFOPLIST_KEY_UIApplicationSceneManifest_Generation[sdk=iphoneos*]" = YES;
				"INFOPLIST_KEY_UIApplicationSceneManifest_Generation[sdk=iphonesimulator*]" = YES;
				"INFOPLIST_KEY_UIApplicationSupportsIndirectInputEvents[sdk=iphoneos*]" = YES;
				"INFOPLIST_KEY_UIApplicationSupportsIndirectInputEvents[sdk=iphonesimulator*]" = YES;
				"INFOPLIST_KEY_UILaunchScreen_Generation[sdk=iphoneos*]" = YES;
				"INFOPLIST_KEY_UILaunchScreen_Generation[sdk=iphonesimulator*]" = YES;
				"INFOPLIST_KEY_UIStatusBarStyle[sdk=iphoneos*]" = UIStatusBarStyleDefault;
				"INFOPLIST_KEY_UIStatusBarStyle[sdk=iphonesimulator*]" = UIStatusBarStyleDefault;
				INFOPLIST_KEY_UISupportedInterfaceOrientations_iPad = "UIInterfaceOrientationPortrait UIInterfaceOrientationPortraitUpsideDown UIInterfaceOrientationLandscapeLeft UIInterfaceOrientationLandscapeRight";
				INFOPLIST_KEY_UISupportedInterfaceOrientations_iPhone = "UIInterfaceOrientationPortrait UIInterfaceOrientationLandscapeLeft UIInterfaceOrientationLandscapeRight";
				IPHONEOS_DEPLOYMENT_TARGET = 16.4;
				LD_RUNPATH_SEARCH_PATHS = "@executable_path/Frameworks";
				"LD_RUNPATH_SEARCH_PATHS[sdk=macosx*]" = "@executable_path/../Frameworks";
				MACOSX_DEPLOYMENT_TARGET = 13.3;
				MARKETING_VERSION = 1.0;
				PRODUCT_BUNDLE_IDENTIFIER = com.pratt.MyApartmentBuddy;
				PRODUCT_NAME = "$(TARGET_NAME)";
				SDKROOT = auto;
				SUPPORTED_PLATFORMS = "iphoneos iphonesimulator macosx";
				SWIFT_EMIT_LOC_STRINGS = YES;
				SWIFT_VERSION = 5.0;
				TARGETED_DEVICE_FAMILY = "1,2";
			};
			name = Release;
		};
		8468F15A2AE8FD8400383BDF /* Debug */ = {
			isa = XCBuildConfiguration;
			buildSettings = {
				ALWAYS_EMBED_SWIFT_STANDARD_LIBRARIES = YES;
				BUNDLE_LOADER = "$(TEST_HOST)";
				CODE_SIGN_STYLE = Automatic;
				CURRENT_PROJECT_VERSION = 1;
				GENERATE_INFOPLIST_FILE = YES;
				IPHONEOS_DEPLOYMENT_TARGET = 16.4;
				MACOSX_DEPLOYMENT_TARGET = 13.3;
				MARKETING_VERSION = 1.0;
				PRODUCT_BUNDLE_IDENTIFIER = com.pratt.MyApartmentBuddyTests;
				PRODUCT_NAME = "$(TARGET_NAME)";
				SDKROOT = auto;
				SUPPORTED_PLATFORMS = "iphoneos iphonesimulator macosx";
				SWIFT_EMIT_LOC_STRINGS = NO;
				SWIFT_VERSION = 5.0;
				TARGETED_DEVICE_FAMILY = "1,2";
				TEST_HOST = "$(BUILT_PRODUCTS_DIR)/MyApartmentBuddy.app/$(BUNDLE_EXECUTABLE_FOLDER_PATH)/MyApartmentBuddy";
			};
			name = Debug;
		};
		8468F15B2AE8FD8400383BDF /* Release */ = {
			isa = XCBuildConfiguration;
			buildSettings = {
				ALWAYS_EMBED_SWIFT_STANDARD_LIBRARIES = YES;
				BUNDLE_LOADER = "$(TEST_HOST)";
				CODE_SIGN_STYLE = Automatic;
				CURRENT_PROJECT_VERSION = 1;
				GENERATE_INFOPLIST_FILE = YES;
				IPHONEOS_DEPLOYMENT_TARGET = 16.4;
				MACOSX_DEPLOYMENT_TARGET = 13.3;
				MARKETING_VERSION = 1.0;
				PRODUCT_BUNDLE_IDENTIFIER = com.pratt.MyApartmentBuddyTests;
				PRODUCT_NAME = "$(TARGET_NAME)";
				SDKROOT = auto;
				SUPPORTED_PLATFORMS = "iphoneos iphonesimulator macosx";
				SWIFT_EMIT_LOC_STRINGS = NO;
				SWIFT_VERSION = 5.0;
				TARGETED_DEVICE_FAMILY = "1,2";
				TEST_HOST = "$(BUILT_PRODUCTS_DIR)/MyApartmentBuddy.app/$(BUNDLE_EXECUTABLE_FOLDER_PATH)/MyApartmentBuddy";
			};
			name = Release;
		};
		8468F15D2AE8FD8400383BDF /* Debug */ = {
			isa = XCBuildConfiguration;
			buildSettings = {
				ALWAYS_EMBED_SWIFT_STANDARD_LIBRARIES = YES;
				CODE_SIGN_STYLE = Automatic;
				CURRENT_PROJECT_VERSION = 1;
				GENERATE_INFOPLIST_FILE = YES;
				IPHONEOS_DEPLOYMENT_TARGET = 16.4;
				MACOSX_DEPLOYMENT_TARGET = 13.3;
				MARKETING_VERSION = 1.0;
				PRODUCT_BUNDLE_IDENTIFIER = com.pratt.MyApartmentBuddyUITests;
				PRODUCT_NAME = "$(TARGET_NAME)";
				SDKROOT = auto;
				SUPPORTED_PLATFORMS = "iphoneos iphonesimulator macosx";
				SWIFT_EMIT_LOC_STRINGS = NO;
				SWIFT_VERSION = 5.0;
				TARGETED_DEVICE_FAMILY = "1,2";
				TEST_TARGET_NAME = MyApartmentBuddy;
			};
			name = Debug;
		};
		8468F15E2AE8FD8400383BDF /* Release */ = {
			isa = XCBuildConfiguration;
			buildSettings = {
				ALWAYS_EMBED_SWIFT_STANDARD_LIBRARIES = YES;
				CODE_SIGN_STYLE = Automatic;
				CURRENT_PROJECT_VERSION = 1;
				GENERATE_INFOPLIST_FILE = YES;
				IPHONEOS_DEPLOYMENT_TARGET = 16.4;
				MACOSX_DEPLOYMENT_TARGET = 13.3;
				MARKETING_VERSION = 1.0;
				PRODUCT_BUNDLE_IDENTIFIER = com.pratt.MyApartmentBuddyUITests;
				PRODUCT_NAME = "$(TARGET_NAME)";
				SDKROOT = auto;
				SUPPORTED_PLATFORMS = "iphoneos iphonesimulator macosx";
				SWIFT_EMIT_LOC_STRINGS = NO;
				SWIFT_VERSION = 5.0;
				TARGETED_DEVICE_FAMILY = "1,2";
				TEST_TARGET_NAME = MyApartmentBuddy;
			};
			name = Release;
		};
/* End XCBuildConfiguration section */

/* Begin XCConfigurationList section */
		8468F12C2AE8FD8300383BDF /* Build configuration list for PBXProject "MyApartmentBuddy" */ = {
			isa = XCConfigurationList;
			buildConfigurations = (
				8468F1542AE8FD8400383BDF /* Debug */,
				8468F1552AE8FD8400383BDF /* Release */,
			);
			defaultConfigurationIsVisible = 0;
			defaultConfigurationName = Release;
		};
		8468F1562AE8FD8400383BDF /* Build configuration list for PBXNativeTarget "MyApartmentBuddy" */ = {
			isa = XCConfigurationList;
			buildConfigurations = (
				8468F1572AE8FD8400383BDF /* Debug */,
				8468F1582AE8FD8400383BDF /* Release */,
			);
			defaultConfigurationIsVisible = 0;
			defaultConfigurationName = Release;
		};
		8468F1592AE8FD8400383BDF /* Build configuration list for PBXNativeTarget "MyApartmentBuddyTests" */ = {
			isa = XCConfigurationList;
			buildConfigurations = (
				8468F15A2AE8FD8400383BDF /* Debug */,
				8468F15B2AE8FD8400383BDF /* Release */,
			);
			defaultConfigurationIsVisible = 0;
			defaultConfigurationName = Release;
		};
		8468F15C2AE8FD8400383BDF /* Build configuration list for PBXNativeTarget "MyApartmentBuddyUITests" */ = {
			isa = XCConfigurationList;
			buildConfigurations = (
				8468F15D2AE8FD8400383BDF /* Debug */,
				8468F15E2AE8FD8400383BDF /* Release */,
			);
			defaultConfigurationIsVisible = 0;
			defaultConfigurationName = Release;
		};
/* End XCConfigurationList section */

/* Begin XCRemoteSwiftPackageReference section */
		848E290E2AEC30380001E2DE /* XCRemoteSwiftPackageReference "Kingfisher" */ = {
			isa = XCRemoteSwiftPackageReference;
			repositoryURL = "https://github.com/onevcat/Kingfisher";
			requirement = {
				kind = upToNextMajorVersion;
				minimumVersion = 7.0.0;
			};
		};
/* End XCRemoteSwiftPackageReference section */

/* Begin XCSwiftPackageProductDependency section */
		848E290F2AEC30380001E2DE /* Kingfisher */ = {
			isa = XCSwiftPackageProductDependency;
			package = 848E290E2AEC30380001E2DE /* XCRemoteSwiftPackageReference "Kingfisher" */;
			productName = Kingfisher;
		};
/* End XCSwiftPackageProductDependency section */
	};
	rootObject = 8468F1292AE8FD8300383BDF /* Project object */;
}
